
Microsoft Visual Studio Solution File, Format Version 12.00
# Visual Studio Version 17
VisualStudioVersion = 17.0.31912.275
MinimumVisualStudioVersion = 10.0.40219.1
Project("{9A19103F-16F7-4668-BE54-9A1E7A4F7556}") = "RecordsTable", "RecordsTable.csproj", "{64C8E3B6-DBA7-4B12-B9D9-E53C3FD834E3}"
EndProject
Global
	GlobalSection(SolutionConfigurationPlatforms) = preSolution
		Debug|Any CPU = Debug|Any CPU
		Release|Any CPU = Release|Any CPU
	EndGlobalSection
	GlobalSection(ProjectConfigurationPlatforms) = postSolution
		{64C8E3B6-DBA7-4B12-B9D9-E53C3FD834E3}.Debug|Any CPU.ActiveCfg = Debug|Any CPU
		{64C8E3B6-DBA7-4B12-B9D9-E53C3FD834E3}.Debug|Any CPU.Build.0 = Debug|Any CPU
		{64C8E3B6-DBA7-4B12-B9D9-E53C3FD834E3}.Release|Any CPU.ActiveCfg = Release|Any CPU
		{64C8E3B6-DBA7-4B12-B9D9-E53C3FD834E3}.Release|Any CPU.Build.0 = Release|Any CPU
	EndGlobalSection
	GlobalSection(SolutionProperties) = preSolution
		HideSolutionNode = FALSE
	EndGlobalSection
	GlobalSection(ExtensibilityGlobals) = postSolution
		SolutionGuid = {F7DD2A69-2C16-4B94-ABD3-8A62EF96E383}
	EndGlobalSection
EndGlobal
